// !$*UTF8*$!
{
	archiveVersion = 1;
	classes = {
	};
	objectVersion = 55;
	objects = {

/* Begin PBXBuildFile section */
		685873A828AEA5D200D178E0 /* RemindersApp.swift in Sources */ = {isa = PBXBuildFile; fileRef = 685873A728AEA5D200D178E0 /* RemindersApp.swift */; };
		685873AA28AEA5D200D178E0 /* ContentView.swift in Sources */ = {isa = PBXBuildFile; fileRef = 685873A928AEA5D200D178E0 /* ContentView.swift */; };
		685873AC28AEA5D300D178E0 /* Assets.xcassets in Resources */ = {isa = PBXBuildFile; fileRef = 685873AB28AEA5D300D178E0 /* Assets.xcassets */; };
		685873AF28AEA5D300D178E0 /* Preview Assets.xcassets in Resources */ = {isa = PBXBuildFile; fileRef = 685873AE28AEA5D300D178E0 /* Preview Assets.xcassets */; };
		685873BA28AEB03A00D178E0 /* RemindersCellView.swift in Sources */ = {isa = PBXBuildFile; fileRef = 685873B928AEB03A00D178E0 /* RemindersCellView.swift */; };
		6880719D28B15A490012359C /* MainView.swift in Sources */ = {isa = PBXBuildFile; fileRef = 6880719C28B15A490012359C /* MainView.swift */; };
		688071A128B15DBB0012359C /* FeedView.swift in Sources */ = {isa = PBXBuildFile; fileRef = 688071A028B15DBB0012359C /* FeedView.swift */; };
		68A28C6D28B16D8B006095B4 /* TagsView.swift in Sources */ = {isa = PBXBuildFile; fileRef = 68A28C6C28B16D8B006095B4 /* TagsView.swift */; };
		68A28C6F28B16D99006095B4 /* TagsCellView.swift in Sources */ = {isa = PBXBuildFile; fileRef = 68A28C6E28B16D99006095B4 /* TagsCellView.swift */; };
		68A28C7228B18204006095B4 /* ContainerView.swift in Sources */ = {isa = PBXBuildFile; fileRef = 68A28C7128B18204006095B4 /* ContainerView.swift */; };
		68A28C7428B1820D006095B4 /* ContainerCellView.swift in Sources */ = {isa = PBXBuildFile; fileRef = 68A28C7328B1820D006095B4 /* ContainerCellView.swift */; };
/* End PBXBuildFile section */

/* Begin PBXFileReference section */
		685873A428AEA5D200D178E0 /* Reminders.app */ = {isa = PBXFileReference; explicitFileType = wrapper.application; includeInIndex = 0; path = Reminders.app; sourceTree = BUILT_PRODUCTS_DIR; };
		685873A728AEA5D200D178E0 /* RemindersApp.swift */ = {isa = PBXFileReference; lastKnownFileType = sourcecode.swift; path = RemindersApp.swift; sourceTree = "<group>"; };
		685873A928AEA5D200D178E0 /* ContentView.swift */ = {isa = PBXFileReference; lastKnownFileType = sourcecode.swift; path = ContentView.swift; sourceTree = "<group>"; };
		685873AB28AEA5D300D178E0 /* Assets.xcassets */ = {isa = PBXFileReference; lastKnownFileType = folder.assetcatalog; path = Assets.xcassets; sourceTree = "<group>"; };
		685873AE28AEA5D300D178E0 /* Preview Assets.xcassets */ = {isa = PBXFileReference; lastKnownFileType = folder.assetcatalog; path = "Preview Assets.xcassets"; sourceTree = "<group>"; };
		685873B928AEB03A00D178E0 /* RemindersCellView.swift */ = {isa = PBXFileReference; lastKnownFileType = sourcecode.swift; path = RemindersCellView.swift; sourceTree = "<group>"; };
		6880719C28B15A490012359C /* MainView.swift */ = {isa = PBXFileReference; lastKnownFileType = sourcecode.swift; path = MainView.swift; sourceTree = "<group>"; };
		688071A028B15DBB0012359C /* FeedView.swift */ = {isa = PBXFileReference; lastKnownFileType = sourcecode.swift; path = FeedView.swift; sourceTree = "<group>"; };
		68A28C6C28B16D8B006095B4 /* TagsView.swift */ = {isa = PBXFileReference; lastKnownFileType = sourcecode.swift; path = TagsView.swift; sourceTree = "<group>"; };
		68A28C6E28B16D99006095B4 /* TagsCellView.swift */ = {isa = PBXFileReference; lastKnownFileType = sourcecode.swift; path = TagsCellView.swift; sourceTree = "<group>"; };
		68A28C7128B18204006095B4 /* ContainerView.swift */ = {isa = PBXFileReference; lastKnownFileType = sourcecode.swift; path = ContainerView.swift; sourceTree = "<group>"; };
		68A28C7328B1820D006095B4 /* ContainerCellView.swift */ = {isa = PBXFileReference; lastKnownFileType = sourcecode.swift; path = ContainerCellView.swift; sourceTree = "<group>"; };
/* End PBXFileReference section */

/* Begin PBXFrameworksBuildPhase section */
		685873A128AEA5D200D178E0 /* Frameworks */ = {
			isa = PBXFrameworksBuildPhase;
			buildActionMask = 2147483647;
			files = (
			);
			runOnlyForDeploymentPostprocessing = 0;
		};
/* End PBXFrameworksBuildPhase section */

/* Begin PBXGroup section */
		6858739B28AEA5D200D178E0 = {
			isa = PBXGroup;
			children = (
				685873A628AEA5D200D178E0 /* Reminders */,
				685873A528AEA5D200D178E0 /* Products */,
			);
			sourceTree = "<group>";
		};
		685873A528AEA5D200D178E0 /* Products */ = {
			isa = PBXGroup;
			children = (
				685873A428AEA5D200D178E0 /* Reminders.app */,
			);
			name = Products;
			sourceTree = "<group>";
		};
		685873A628AEA5D200D178E0 /* Reminders */ = {
			isa = PBXGroup;
			children = (
				685873B828AEB00200D178E0 /* Utils */,
				685873B728AEAFF800D178E0 /* Model */,
				685873B528AEAFE000D178E0 /* View */,
				685873B628AEAFE400D178E0 /* ViewModel */,
				6880719E28B15A5E0012359C /* Data */,
				685873A728AEA5D200D178E0 /* RemindersApp.swift */,
				685873AB28AEA5D300D178E0 /* Assets.xcassets */,
				685873AD28AEA5D300D178E0 /* Preview Content */,
			);
			path = Reminders;
			sourceTree = "<group>";
		};
		685873AD28AEA5D300D178E0 /* Preview Content */ = {
			isa = PBXGroup;
			children = (
				685873AE28AEA5D300D178E0 /* Preview Assets.xcassets */,
			);
			path = "Preview Content";
			sourceTree = "<group>";
		};
		685873B528AEAFE000D178E0 /* View */ = {
			isa = PBXGroup;
			children = (
				68A28C7028B181F2006095B4 /* Container */,
				68A28C6B28B16D7C006095B4 /* Tags */,
				6880719F28B15DA80012359C /* Feed */,
				685873BD28AEB0AD00D178E0 /* Notifications */,
				685873BC28AEB06200D178E0 /* Main */,
				685873BB28AEB05100D178E0 /* Items */,
			);
			path = View;
			sourceTree = "<group>";
		};
		685873B628AEAFE400D178E0 /* ViewModel */ = {
			isa = PBXGroup;
			children = (
				685873BE28AEB0B300D178E0 /* Notifications */,
			);
			path = ViewModel;
			sourceTree = "<group>";
		};
		685873B728AEAFF800D178E0 /* Model */ = {
			isa = PBXGroup;
			children = (
			);
			path = Model;
			sourceTree = "<group>";
		};
		685873B828AEB00200D178E0 /* Utils */ = {
			isa = PBXGroup;
			children = (
			);
			path = Utils;
			sourceTree = "<group>";
		};
		685873BB28AEB05100D178E0 /* Items */ = {
			isa = PBXGroup;
			children = (
			);
			path = Items;
			sourceTree = "<group>";
		};
		685873BC28AEB06200D178E0 /* Main */ = {
			isa = PBXGroup;
			children = (
				685873A928AEA5D200D178E0 /* ContentView.swift */,
				6880719C28B15A490012359C /* MainView.swift */,
			);
			path = Main;
			sourceTree = "<group>";
		};
		685873BD28AEB0AD00D178E0 /* Notifications */ = {
			isa = PBXGroup;
			children = (
			);
			path = Notifications;
			sourceTree = "<group>";
		};
		685873BE28AEB0B300D178E0 /* Notifications */ = {
			isa = PBXGroup;
			children = (
			);
			path = Notifications;
			sourceTree = "<group>";
		};
		6880719E28B15A5E0012359C /* Data */ = {
			isa = PBXGroup;
			children = (
			);
			path = Data;
			sourceTree = "<group>";
		};
		6880719F28B15DA80012359C /* Feed */ = {
			isa = PBXGroup;
			children = (
				688071A028B15DBB0012359C /* FeedView.swift */,
				685873B928AEB03A00D178E0 /* RemindersCellView.swift */,
			);
			path = Feed;
			sourceTree = "<group>";
		};
		68A28C6B28B16D7C006095B4 /* Tags */ = {
			isa = PBXGroup;
			children = (
				68A28C6E28B16D99006095B4 /* TagsCellView.swift */,
				68A28C6C28B16D8B006095B4 /* TagsView.swift */,
			);
			path = Tags;
			sourceTree = "<group>";
		};
		68A28C7028B181F2006095B4 /* Container */ = {
			isa = PBXGroup;
			children = (
				68A28C7328B1820D006095B4 /* ContainerCellView.swift */,
				68A28C7128B18204006095B4 /* ContainerView.swift */,
			);
			path = Container;
			sourceTree = "<group>";
		};
/* End PBXGroup section */

/* Begin PBXNativeTarget section */
		685873A328AEA5D200D178E0 /* Reminders */ = {
			isa = PBXNativeTarget;
			buildConfigurationList = 685873B228AEA5D300D178E0 /* Build configuration list for PBXNativeTarget "Reminders" */;
			buildPhases = (
				685873A028AEA5D200D178E0 /* Sources */,
				685873A128AEA5D200D178E0 /* Frameworks */,
				685873A228AEA5D200D178E0 /* Resources */,
			);
			buildRules = (
			);
			dependencies = (
			);
			name = Reminders;
			productName = Reminders;
			productReference = 685873A428AEA5D200D178E0 /* Reminders.app */;
			productType = "com.apple.product-type.application";
		};
/* End PBXNativeTarget section */

/* Begin PBXProject section */
		6858739C28AEA5D200D178E0 /* Project object */ = {
			isa = PBXProject;
			attributes = {
				BuildIndependentTargetsInParallel = 1;
				LastSwiftUpdateCheck = 1340;
				LastUpgradeCheck = 1340;
				TargetAttributes = {
					685873A328AEA5D200D178E0 = {
						CreatedOnToolsVersion = 13.4.1;
					};
				};
			};
			buildConfigurationList = 6858739F28AEA5D200D178E0 /* Build configuration list for PBXProject "Reminders" */;
			compatibilityVersion = "Xcode 13.0";
			developmentRegion = en;
			hasScannedForEncodings = 0;
			knownRegions = (
				en,
				Base,
			);
			mainGroup = 6858739B28AEA5D200D178E0;
			productRefGroup = 685873A528AEA5D200D178E0 /* Products */;
			projectDirPath = "";
			projectRoot = "";
			targets = (
				685873A328AEA5D200D178E0 /* Reminders */,
			);
		};
/* End PBXProject section */

/* Begin PBXResourcesBuildPhase section */
		685873A228AEA5D200D178E0 /* Resources */ = {
			isa = PBXResourcesBuildPhase;
			buildActionMask = 2147483647;
			files = (
				685873AF28AEA5D300D178E0 /* Preview Assets.xcassets in Resources */,
				685873AC28AEA5D300D178E0 /* Assets.xcassets in Resources */,
			);
			runOnlyForDeploymentPostprocessing = 0;
		};
/* End PBXResourcesBuildPhase section */

/* Begin PBXSourcesBuildPhase section */
		685873A028AEA5D200D178E0 /* Sources */ = {
			isa = PBXSourcesBuildPhase;
			buildActionMask = 2147483647;
			files = (
				688071A128B15DBB0012359C /* FeedView.swift in Sources */,
				68A28C6F28B16D99006095B4 /* TagsCellView.swift in Sources */,
				685873AA28AEA5D200D178E0 /* ContentView.swift in Sources */,
				68A28C7428B1820D006095B4 /* ContainerCellView.swift in Sources */,
				6880719D28B15A490012359C /* MainView.swift in Sources */,
				68A28C7228B18204006095B4 /* ContainerView.swift in Sources */,
				685873BA28AEB03A00D178E0 /* RemindersCellView.swift in Sources */,
				685873A828AEA5D200D178E0 /* RemindersApp.swift in Sources */,
				68A28C6D28B16D8B006095B4 /* TagsView.swift in Sources */,
			);
			runOnlyForDeploymentPostprocessing = 0;
		};
/* End PBXSourcesBuildPhase section */

/* Begin XCBuildConfiguration section */
		685873B028AEA5D300D178E0 /* Debug */ = {
			isa = XCBuildConfiguration;
			buildSettings = {
				ALWAYS_SEARCH_USER_PATHS = NO;
				CLANG_ANALYZER_NONNULL = YES;
				CLANG_ANALYZER_NUMBER_OBJECT_CONVERSION = YES_AGGRESSIVE;
				CLANG_CXX_LANGUAGE_STANDARD = "gnu++17";
				CLANG_ENABLE_MODULES = YES;
				CLANG_ENABLE_OBJC_ARC = YES;
				CLANG_ENABLE_OBJC_WEAK = YES;
				CLANG_WARN_BLOCK_CAPTURE_AUTORELEASING = YES;
				CLANG_WARN_BOOL_CONVERSION = YES;
				CLANG_WARN_COMMA = YES;
				CLANG_WARN_CONSTANT_CONVERSION = YES;
				CLANG_WARN_DEPRECATED_OBJC_IMPLEMENTATIONS = YES;
				CLANG_WARN_DIRECT_OBJC_ISA_USAGE = YES_ERROR;
				CLANG_WARN_DOCUMENTATION_COMMENTS = YES;
				CLANG_WARN_EMPTY_BODY = YES;
				CLANG_WARN_ENUM_CONVERSION = YES;
				CLANG_WARN_INFINITE_RECURSION = YES;
				CLANG_WARN_INT_CONVERSION = YES;
				CLANG_WARN_NON_LITERAL_NULL_CONVERSION = YES;
				CLANG_WARN_OBJC_IMPLICIT_RETAIN_SELF = YES;
				CLANG_WARN_OBJC_LITERAL_CONVERSION = YES;
				CLANG_WARN_OBJC_ROOT_CLASS = YES_ERROR;
				CLANG_WARN_QUOTED_INCLUDE_IN_FRAMEWORK_HEADER = YES;
				CLANG_WARN_RANGE_LOOP_ANALYSIS = YES;
				CLANG_WARN_STRICT_PROTOTYPES = YES;
				CLANG_WARN_SUSPICIOUS_MOVE = YES;
				CLANG_WARN_UNGUARDED_AVAILABILITY = YES_AGGRESSIVE;
				CLANG_WARN_UNREACHABLE_CODE = YES;
				CLANG_WARN__DUPLICATE_METHOD_MATCH = YES;
				COPY_PHASE_STRIP = NO;
				DEBUG_INFORMATION_FORMAT = dwarf;
				ENABLE_STRICT_OBJC_MSGSEND = YES;
				ENABLE_TESTABILITY = YES;
				GCC_C_LANGUAGE_STANDARD = gnu11;
				GCC_DYNAMIC_NO_PIC = NO;
				GCC_NO_COMMON_BLOCKS = YES;
				GCC_OPTIMIZATION_LEVEL = 0;
				GCC_PREPROCESSOR_DEFINITIONS = (
					"DEBUG=1",
					"$(inherited)",
				);
				GCC_WARN_64_TO_32_BIT_CONVERSION = YES;
				GCC_WARN_ABOUT_RETURN_TYPE = YES_ERROR;
				GCC_WARN_UNDECLARED_SELECTOR = YES;
				GCC_WARN_UNINITIALIZED_AUTOS = YES_AGGRESSIVE;
				GCC_WARN_UNUSED_FUNCTION = YES;
				GCC_WARN_UNUSED_VARIABLE = YES;
				IPHONEOS_DEPLOYMENT_TARGET = 15.5;
				MTL_ENABLE_DEBUG_INFO = INCLUDE_SOURCE;
				MTL_FAST_MATH = YES;
				ONLY_ACTIVE_ARCH = YES;
				SDKROOT = iphoneos;
				SWIFT_ACTIVE_COMPILATION_CONDITIONS = DEBUG;
				SWIFT_OPTIMIZATION_LEVEL = "-Onone";
			};
			name = Debug;
		};
		685873B128AEA5D300D178E0 /* Release */ = {
			isa = XCBuildConfiguration;
			buildSettings = {
				ALWAYS_SEARCH_USER_PATHS = NO;
				CLANG_ANALYZER_NONNULL = YES;
				CLANG_ANALYZER_NUMBER_OBJECT_CONVERSION = YES_AGGRESSIVE;
				CLANG_CXX_LANGUAGE_STANDARD = "gnu++17";
				CLANG_ENABLE_MODULES = YES;
				CLANG_ENABLE_OBJC_ARC = YES;
				CLANG_ENABLE_OBJC_WEAK = YES;
				CLANG_WARN_BLOCK_CAPTURE_AUTORELEASING = YES;
				CLANG_WARN_BOOL_CONVERSION = YES;
				CLANG_WARN_COMMA = YES;
				CLANG_WARN_CONSTANT_CONVERSION = YES;
				CLANG_WARN_DEPRECATED_OBJC_IMPLEMENTATIONS = YES;
				CLANG_WARN_DIRECT_OBJC_ISA_USAGE = YES_ERROR;
				CLANG_WARN_DOCUMENTATION_COMMENTS = YES;
				CLANG_WARN_EMPTY_BODY = YES;
				CLANG_WARN_ENUM_CONVERSION = YES;
				CLANG_WARN_INFINITE_RECURSION = YES;
				CLANG_WARN_INT_CONVERSION = YES;
				CLANG_WARN_NON_LITERAL_NULL_CONVERSION = YES;
				CLANG_WARN_OBJC_IMPLICIT_RETAIN_SELF = YES;
				CLANG_WARN_OBJC_LITERAL_CONVERSION = YES;
				CLANG_WARN_OBJC_ROOT_CLASS = YES_ERROR;
				CLANG_WARN_QUOTED_INCLUDE_IN_FRAMEWORK_HEADER = YES;
				CLANG_WARN_RANGE_LOOP_ANALYSIS = YES;
				CLANG_WARN_STRICT_PROTOTYPES = YES;
				CLANG_WARN_SUSPICIOUS_MOVE = YES;
				CLANG_WARN_UNGUARDED_AVAILABILITY = YES_AGGRESSIVE;
				CLANG_WARN_UNREACHABLE_CODE = YES;
				CLANG_WARN__DUPLICATE_METHOD_MATCH = YES;
				COPY_PHASE_STRIP = NO;
				DEBUG_INFORMATION_FORMAT = "dwarf-with-dsym";
				ENABLE_NS_ASSERTIONS = NO;
				ENABLE_STRICT_OBJC_MSGSEND = YES;
				GCC_C_LANGUAGE_STANDARD = gnu11;
				GCC_NO_COMMON_BLOCKS = YES;
				GCC_WARN_64_TO_32_BIT_CONVERSION = YES;
				GCC_WARN_ABOUT_RETURN_TYPE = YES_ERROR;
				GCC_WARN_UNDECLARED_SELECTOR = YES;
				GCC_WARN_UNINITIALIZED_AUTOS = YES_AGGRESSIVE;
				GCC_WARN_UNUSED_FUNCTION = YES;
				GCC_WARN_UNUSED_VARIABLE = YES;
				IPHONEOS_DEPLOYMENT_TARGET = 15.5;
				MTL_ENABLE_DEBUG_INFO = NO;
				MTL_FAST_MATH = YES;
				SDKROOT = iphoneos;
				SWIFT_COMPILATION_MODE = wholemodule;
				SWIFT_OPTIMIZATION_LEVEL = "-O";
				VALIDATE_PRODUCT = YES;
			};
			name = Release;
		};
		685873B328AEA5D300D178E0 /* Debug */ = {
			isa = XCBuildConfiguration;
			buildSettings = {
				ASSETCATALOG_COMPILER_APPICON_NAME = AppIcon;
				ASSETCATALOG_COMPILER_GLOBAL_ACCENT_COLOR_NAME = AccentColor;
				CODE_SIGN_STYLE = Automatic;
				CURRENT_PROJECT_VERSION = 1;
				DEVELOPMENT_ASSET_PATHS = "\"Reminders/Preview Content\"";
				DEVELOPMENT_TEAM = M7H74U7AXB;
				ENABLE_PREVIEWS = YES;
				GENERATE_INFOPLIST_FILE = YES;
				INFOPLIST_KEY_UIApplicationSceneManifest_Generation = YES;
				INFOPLIST_KEY_UIApplicationSupportsIndirectInputEvents = YES;
				INFOPLIST_KEY_UILaunchScreen_Generation = YES;
				INFOPLIST_KEY_UISupportedInterfaceOrientations_iPad = "UIInterfaceOrientationPortrait UIInterfaceOrientationPortraitUpsideDown UIInterfaceOrientationLandscapeLeft UIInterfaceOrientationLandscapeRight";
				INFOPLIST_KEY_UISupportedInterfaceOrientations_iPhone = "UIInterfaceOrientationPortrait UIInterfaceOrientationLandscapeLeft UIInterfaceOrientationLandscapeRight";
				LD_RUNPATH_SEARCH_PATHS = (
					"$(inherited)",
					"@executable_path/Frameworks",
				);
				MARKETING_VERSION = 1.0;
				PRODUCT_BUNDLE_IDENTIFIER = me.ksiazek.kamil.Reminders;
				PRODUCT_NAME = "$(TARGET_NAME)";
				SWIFT_EMIT_LOC_STRINGS = YES;
				SWIFT_VERSION = 5.0;
				TARGETED_DEVICE_FAMILY = "1,2";
			};
			name = Debug;
		};
		685873B428AEA5D300D178E0 /* Release */ = {
			isa = XCBuildConfiguration;
			buildSettings = {
				ASSETCATALOG_COMPILER_APPICON_NAME = AppIcon;
				ASSETCATALOG_COMPILER_GLOBAL_ACCENT_COLOR_NAME = AccentColor;
				CODE_SIGN_STYLE = Automatic;
				CURRENT_PROJECT_VERSION = 1;
				DEVELOPMENT_ASSET_PATHS = "\"Reminders/Preview Content\"";
				DEVELOPMENT_TEAM = M7H74U7AXB;
				ENABLE_PREVIEWS = YES;
				GENERATE_INFOPLIST_FILE = YES;
				INFOPLIST_KEY_UIApplicationSceneManifest_Generation = YES;
				INFOPLIST_KEY_UIApplicationSupportsIndirectInputEvents = YES;
				INFOPLIST_KEY_UILaunchScreen_Generation = YES;
				INFOPLIST_KEY_UISupportedInterfaceOrientations_iPad = "UIInterfaceOrientationPortrait UIInterfaceOrientationPortraitUpsideDown UIInterfaceOrientationLandscapeLeft UIInterfaceOrientationLandscapeRight";
				INFOPLIST_KEY_UISupportedInterfaceOrientations_iPhone = "UIInterfaceOrientationPortrait UIInterfaceOrientationLandscapeLeft UIInterfaceOrientationLandscapeRight";
				LD_RUNPATH_SEARCH_PATHS = (
					"$(inherited)",
					"@executable_path/Frameworks",
				);
				MARKETING_VERSION = 1.0;
				PRODUCT_BUNDLE_IDENTIFIER = me.ksiazek.kamil.Reminders;
				PRODUCT_NAME = "$(TARGET_NAME)";
				SWIFT_EMIT_LOC_STRINGS = YES;
				SWIFT_VERSION = 5.0;
				TARGETED_DEVICE_FAMILY = "1,2";
			};
			name = Release;
		};
/* End XCBuildConfiguration section */

/* Begin XCConfigurationList section */
		6858739F28AEA5D200D178E0 /* Build configuration list for PBXProject "Reminders" */ = {
			isa = XCConfigurationList;
			buildConfigurations = (
				685873B028AEA5D300D178E0 /* Debug */,
				685873B128AEA5D300D178E0 /* Release */,
			);
			defaultConfigurationIsVisible = 0;
			defaultConfigurationName = Release;
		};
		685873B228AEA5D300D178E0 /* Build configuration list for PBXNativeTarget "Reminders" */ = {
			isa = XCConfigurationList;
			buildConfigurations = (
				685873B328AEA5D300D178E0 /* Debug */,
				685873B428AEA5D300D178E0 /* Release */,
			);
			defaultConfigurationIsVisible = 0;
			defaultConfigurationName = Release;
		};
/* End XCConfigurationList section */
	};
	rootObject = 6858739C28AEA5D200D178E0 /* Project object */;
}
